
Microsoft Visual Studio Solution File, Format Version 12.00
# Visual Studio 15
VisualStudioVersion = 15.0.28307.136
MinimumVisualStudioVersion = 10.0.40219.1
Project("{FAE04EC0-301F-11D3-BF4B-00C04F79EFBC}") = "SimplifiedProgrammingLanguage", "SimplifiedProgrammingLanguage\SimplifiedProgrammingLanguage.csproj", "{766C32FF-E629-4402-8D88-6241F30E6A6D}"
EndProject
Project("{2150E333-8FDC-42A3-9474-1A3956D46DE8}") = "Solution Items", "Solution Items", "{BA12ECE1-E8F1-4FC3-8F3F-662756DDC945}"
	ProjectSection(SolutionItems) = preProject
		Class1.cs = Class1.cs
		Class2.cs = Class2.cs
	EndProjectSection
EndProject
Project("{FAE04EC0-301F-11D3-BF4B-00C04F79EFBC}") = "Unit Testing", "Unit Testing\Unit Testing.csproj", "{4F2C4F96-1723-4F33-946D-A016DC64F7E9}"
EndProject
Project("{FAE04EC0-301F-11D3-BF4B-00C04F79EFBC}") = "SimplifiedProgrammingLanguageTests", "SimplifiedProgrammingLanguageTests\SimplifiedProgrammingLanguageTests.csproj", "{D6553E61-113B-4920-A774-2931433D2611}"
EndProject
Global
	GlobalSection(SolutionConfigurationPlatforms) = preSolution
		Debug|Any CPU = Debug|Any CPU
		Release|Any CPU = Release|Any CPU
	EndGlobalSection
	GlobalSection(ProjectConfigurationPlatforms) = postSolution
		{766C32FF-E629-4402-8D88-6241F30E6A6D}.Debug|Any CPU.ActiveCfg = Debug|Any CPU
		{766C32FF-E629-4402-8D88-6241F30E6A6D}.Debug|Any CPU.Build.0 = Debug|Any CPU
		{766C32FF-E629-4402-8D88-6241F30E6A6D}.Release|Any CPU.ActiveCfg = Release|Any CPU
		{766C32FF-E629-4402-8D88-6241F30E6A6D}.Release|Any CPU.Build.0 = Release|Any CPU
		{4F2C4F96-1723-4F33-946D-A016DC64F7E9}.Debug|Any CPU.ActiveCfg = Debug|Any CPU
		{4F2C4F96-1723-4F33-946D-A016DC64F7E9}.Debug|Any CPU.Build.0 = Debug|Any CPU
		{4F2C4F96-1723-4F33-946D-A016DC64F7E9}.Release|Any CPU.ActiveCfg = Release|Any CPU
		{4F2C4F96-1723-4F33-946D-A016DC64F7E9}.Release|Any CPU.Build.0 = Release|Any CPU
		{D6553E61-113B-4920-A774-2931433D2611}.Debug|Any CPU.ActiveCfg = Debug|Any CPU
		{D6553E61-113B-4920-A774-2931433D2611}.Debug|Any CPU.Build.0 = Debug|Any CPU
		{D6553E61-113B-4920-A774-2931433D2611}.Release|Any CPU.ActiveCfg = Release|Any CPU
		{D6553E61-113B-4920-A774-2931433D2611}.Release|Any CPU.Build.0 = Release|Any CPU
	EndGlobalSection
	GlobalSection(SolutionProperties) = preSolution
		HideSolutionNode = FALSE
	EndGlobalSection
	GlobalSection(ExtensibilityGlobals) = postSolution
		SolutionGuid = {0B031408-5D7E-4564-8559-20B43F3429B5}
	EndGlobalSection
EndGlobal
